
Microsoft Visual Studio Solution File, Format Version 12.00
# Visual Studio Version 16
VisualStudioVersion = 16.0.32106.194
MinimumVisualStudioVersion = 10.0.40219.1
Project("{FAE04EC0-301F-11D3-BF4B-00C04F79EFBC}") = "my222022t", "my222022t\my222022t.csproj", "{05F8644F-C6A8-4660-A2E2-BB041B52BBEC}"
EndProject
Global
	GlobalSection(SolutionConfigurationPlatforms) = preSolution
		Debug|Any CPU = Debug|Any CPU
		Release|Any CPU = Release|Any CPU
	EndGlobalSection
	GlobalSection(ProjectConfigurationPlatforms) = postSolution
		{05F8644F-C6A8-4660-A2E2-BB041B52BBEC}.Debug|Any CPU.ActiveCfg = Debug|Any CPU
		{05F8644F-C6A8-4660-A2E2-BB041B52BBEC}.Debug|Any CPU.Build.0 = Debug|Any CPU
		{05F8644F-C6A8-4660-A2E2-BB041B52BBEC}.Release|Any CPU.ActiveCfg = Release|Any CPU
		{05F8644F-C6A8-4660-A2E2-BB041B52BBEC}.Release|Any CPU.Build.0 = Release|Any CPU
	EndGlobalSection
	GlobalSection(SolutionProperties) = preSolution
		HideSolutionNode = FALSE
	EndGlobalSection
	GlobalSection(ExtensibilityGlobals) = postSolution
		SolutionGuid = {C292143B-C15A-4A0A-8006-215B91199E95}
	EndGlobalSection
EndGlobal
